
Microsoft Visual Studio Solution File, Format Version 12.00
# Visual Studio Version 17
VisualStudioVersion = 17.2.32616.157
MinimumVisualStudioVersion = 10.0.40219.1
Project("{FAE04EC0-301F-11D3-BF4B-00C04F79EFBC}") = "csharp-gestore-eventi", "csharp-gestore-eventi.csproj", "{5DF0A4C8-2F02-4914-9D64-CA864B43B341}"
EndProject
Global
	GlobalSection(SolutionConfigurationPlatforms) = preSolution
		Debug|Any CPU = Debug|Any CPU
		Release|Any CPU = Release|Any CPU
	EndGlobalSection
	GlobalSection(ProjectConfigurationPlatforms) = postSolution
		{5DF0A4C8-2F02-4914-9D64-CA864B43B341}.Debug|Any CPU.ActiveCfg = Debug|Any CPU
		{5DF0A4C8-2F02-4914-9D64-CA864B43B341}.Debug|Any CPU.Build.0 = Debug|Any CPU
		{5DF0A4C8-2F02-4914-9D64-CA864B43B341}.Release|Any CPU.ActiveCfg = Release|Any CPU
		{5DF0A4C8-2F02-4914-9D64-CA864B43B341}.Release|Any CPU.Build.0 = Release|Any CPU
	EndGlobalSection
	GlobalSection(SolutionProperties) = preSolution
		HideSolutionNode = FALSE
	EndGlobalSection
	GlobalSection(ExtensibilityGlobals) = postSolution
		SolutionGuid = {379DDA51-2C36-4816-9201-7B5A539B0FAC}
	EndGlobalSection
EndGlobal
